
Microsoft Visual Studio Solution File, Format Version 12.00
Project("{FAE04EC0-301F-11D3-BF4B-00C04F79EFBC}") = "Client", "Client\Client.csproj", "{EF54F074-7CD2-4C18-9EF3-180B20149E88}"
EndProject
Project("{FAE04EC0-301F-11D3-BF4B-00C04F79EFBC}") = "Api", "Api\Api.csproj", "{858F461E-5030-458D-926B-86C43D1A4319}"
EndProject
Project("{FAE04EC0-301F-11D3-BF4B-00C04F79EFBC}") = "Shared", "Shared\Shared.csproj", "{7F93D92C-F595-443A-AD39-477B10EB6856}"
EndProject
Global
	GlobalSection(SolutionConfigurationPlatforms) = preSolution
		Debug|Any CPU = Debug|Any CPU
		Release|Any CPU = Release|Any CPU
	EndGlobalSection
	GlobalSection(ProjectConfigurationPlatforms) = postSolution
		{EF54F074-7CD2-4C18-9EF3-180B20149E88}.Debug|Any CPU.ActiveCfg = Debug|Any CPU
		{EF54F074-7CD2-4C18-9EF3-180B20149E88}.Debug|Any CPU.Build.0 = Debug|Any CPU
		{EF54F074-7CD2-4C18-9EF3-180B20149E88}.Release|Any CPU.ActiveCfg = Release|Any CPU
		{EF54F074-7CD2-4C18-9EF3-180B20149E88}.Release|Any CPU.Build.0 = Release|Any CPU
		{858F461E-5030-458D-926B-86C43D1A4319}.Debug|Any CPU.ActiveCfg = Debug|Any CPU
		{858F461E-5030-458D-926B-86C43D1A4319}.Debug|Any CPU.Build.0 = Debug|Any CPU
		{858F461E-5030-458D-926B-86C43D1A4319}.Release|Any CPU.ActiveCfg = Release|Any CPU
		{858F461E-5030-458D-926B-86C43D1A4319}.Release|Any CPU.Build.0 = Release|Any CPU
		{7F93D92C-F595-443A-AD39-477B10EB6856}.Debug|Any CPU.ActiveCfg = Debug|Any CPU
		{7F93D92C-F595-443A-AD39-477B10EB6856}.Debug|Any CPU.Build.0 = Debug|Any CPU
		{7F93D92C-F595-443A-AD39-477B10EB6856}.Release|Any CPU.ActiveCfg = Release|Any CPU
		{7F93D92C-F595-443A-AD39-477B10EB6856}.Release|Any CPU.Build.0 = Release|Any CPU
	EndGlobalSection
EndGlobal
